
Microsoft Visual Studio Solution File, Format Version 12.00
# Visual Studio Version 16
VisualStudioVersion = 16.0.30907.101
MinimumVisualStudioVersion = 10.0.40219.1
Project("{2150E333-8FDC-42A3-9474-1A3956D46DE8}") = "src", "src", "{F67FEAEF-36AE-4642-86DB-6EDDE36B0C89}"
EndProject
Project("{2150E333-8FDC-42A3-9474-1A3956D46DE8}") = "expense", "expense", "{E8354464-649E-4A36-AB9D-08CFCCFA5213}"
EndProject
Project("{2150E333-8FDC-42A3-9474-1A3956D46DE8}") = "src", "src", "{6AC78539-EADC-4694-A1C7-6280152AF4BB}"
EndProject
Project("{2150E333-8FDC-42A3-9474-1A3956D46DE8}") = "test", "test", "{F276EB9B-D8A4-4A3A-B80B-7C0544C467BD}"
EndProject
Project("{9A19103F-16F7-4668-BE54-9A1E7A4F7556}") = "expense.Domain", "src\expense\src\expense.Domain\expense.Domain.csproj", "{5546FAA0-0AB2-4711-BF46-AFA92CEF3241}"
EndProject
Project("{9A19103F-16F7-4668-BE54-9A1E7A4F7556}") = "ExpenseTests", "src\expense\test\ExpenseTests\ExpenseTests.csproj", "{918571DE-ADEA-44C6-AF0C-B3AF761419EC}"
EndProject
Project("{FAE04EC0-301F-11D3-BF4B-00C04F79EFBC}") = "expense.Application", "src\expense\src\expense.Application\expense.Application.csproj", "{C7008358-EE49-40DF-A671-A2960A64DC05}"
EndProject
Project("{2150E333-8FDC-42A3-9474-1A3956D46DE8}") = "expense.Adapters", "expense.Adapters", "{487E08D8-AB34-4F7C-8F47-FB502AC40158}"
EndProject
Project("{2150E333-8FDC-42A3-9474-1A3956D46DE8}") = "incoming", "incoming", "{7F0CD58A-82D0-4614-8EB9-6E1B22927669}"
EndProject
Project("{2150E333-8FDC-42A3-9474-1A3956D46DE8}") = "outgoing", "outgoing", "{ACB2ED77-2DFE-488A-BCA1-1E23F0F9C3FC}"
EndProject
Project("{9A19103F-16F7-4668-BE54-9A1E7A4F7556}") = "expense.WebApi", "src\expense\src\expense.Adapters\incoming\expense.WebApi\expense.WebApi.csproj", "{0F0D0B97-24EF-4AF3-BD88-F74198A05B52}"
EndProject
Project("{FAE04EC0-301F-11D3-BF4B-00C04F79EFBC}") = "expense.Persistence", "src\expense\src\expense.Adapters\outgoing\expense.Persistence\expense.Persistence.csproj", "{5B6C42D3-9D90-44A3-93BC-9A8B55D5B2DE}"
EndProject
Global
	GlobalSection(SolutionConfigurationPlatforms) = preSolution
		Debug|Any CPU = Debug|Any CPU
		Release|Any CPU = Release|Any CPU
	EndGlobalSection
	GlobalSection(ProjectConfigurationPlatforms) = postSolution
		{5546FAA0-0AB2-4711-BF46-AFA92CEF3241}.Debug|Any CPU.ActiveCfg = Debug|Any CPU
		{5546FAA0-0AB2-4711-BF46-AFA92CEF3241}.Debug|Any CPU.Build.0 = Debug|Any CPU
		{5546FAA0-0AB2-4711-BF46-AFA92CEF3241}.Release|Any CPU.ActiveCfg = Release|Any CPU
		{5546FAA0-0AB2-4711-BF46-AFA92CEF3241}.Release|Any CPU.Build.0 = Release|Any CPU
		{918571DE-ADEA-44C6-AF0C-B3AF761419EC}.Debug|Any CPU.ActiveCfg = Debug|Any CPU
		{918571DE-ADEA-44C6-AF0C-B3AF761419EC}.Debug|Any CPU.Build.0 = Debug|Any CPU
		{918571DE-ADEA-44C6-AF0C-B3AF761419EC}.Release|Any CPU.ActiveCfg = Release|Any CPU
		{918571DE-ADEA-44C6-AF0C-B3AF761419EC}.Release|Any CPU.Build.0 = Release|Any CPU
		{C7008358-EE49-40DF-A671-A2960A64DC05}.Debug|Any CPU.ActiveCfg = Debug|Any CPU
		{C7008358-EE49-40DF-A671-A2960A64DC05}.Debug|Any CPU.Build.0 = Debug|Any CPU
		{C7008358-EE49-40DF-A671-A2960A64DC05}.Release|Any CPU.ActiveCfg = Release|Any CPU
		{C7008358-EE49-40DF-A671-A2960A64DC05}.Release|Any CPU.Build.0 = Release|Any CPU
		{0F0D0B97-24EF-4AF3-BD88-F74198A05B52}.Debug|Any CPU.ActiveCfg = Debug|Any CPU
		{0F0D0B97-24EF-4AF3-BD88-F74198A05B52}.Debug|Any CPU.Build.0 = Debug|Any CPU
		{0F0D0B97-24EF-4AF3-BD88-F74198A05B52}.Release|Any CPU.ActiveCfg = Release|Any CPU
		{0F0D0B97-24EF-4AF3-BD88-F74198A05B52}.Release|Any CPU.Build.0 = Release|Any CPU
		{5B6C42D3-9D90-44A3-93BC-9A8B55D5B2DE}.Debug|Any CPU.ActiveCfg = Debug|Any CPU
		{5B6C42D3-9D90-44A3-93BC-9A8B55D5B2DE}.Debug|Any CPU.Build.0 = Debug|Any CPU
		{5B6C42D3-9D90-44A3-93BC-9A8B55D5B2DE}.Release|Any CPU.ActiveCfg = Release|Any CPU
		{5B6C42D3-9D90-44A3-93BC-9A8B55D5B2DE}.Release|Any CPU.Build.0 = Release|Any CPU
	EndGlobalSection
	GlobalSection(SolutionProperties) = preSolution
		HideSolutionNode = FALSE
	EndGlobalSection
	GlobalSection(NestedProjects) = preSolution
		{E8354464-649E-4A36-AB9D-08CFCCFA5213} = {F67FEAEF-36AE-4642-86DB-6EDDE36B0C89}
		{6AC78539-EADC-4694-A1C7-6280152AF4BB} = {E8354464-649E-4A36-AB9D-08CFCCFA5213}
		{F276EB9B-D8A4-4A3A-B80B-7C0544C467BD} = {E8354464-649E-4A36-AB9D-08CFCCFA5213}
		{5546FAA0-0AB2-4711-BF46-AFA92CEF3241} = {6AC78539-EADC-4694-A1C7-6280152AF4BB}
		{918571DE-ADEA-44C6-AF0C-B3AF761419EC} = {F276EB9B-D8A4-4A3A-B80B-7C0544C467BD}
		{C7008358-EE49-40DF-A671-A2960A64DC05} = {6AC78539-EADC-4694-A1C7-6280152AF4BB}
		{487E08D8-AB34-4F7C-8F47-FB502AC40158} = {6AC78539-EADC-4694-A1C7-6280152AF4BB}
		{7F0CD58A-82D0-4614-8EB9-6E1B22927669} = {487E08D8-AB34-4F7C-8F47-FB502AC40158}
		{ACB2ED77-2DFE-488A-BCA1-1E23F0F9C3FC} = {487E08D8-AB34-4F7C-8F47-FB502AC40158}
		{0F0D0B97-24EF-4AF3-BD88-F74198A05B52} = {7F0CD58A-82D0-4614-8EB9-6E1B22927669}
		{5B6C42D3-9D90-44A3-93BC-9A8B55D5B2DE} = {ACB2ED77-2DFE-488A-BCA1-1E23F0F9C3FC}
	EndGlobalSection
	GlobalSection(ExtensibilityGlobals) = postSolution
		SolutionGuid = {E1D201F6-AB58-4A25-B735-6006F6AF74DD}
	EndGlobalSection
EndGlobal
